
Microsoft Visual Studio Solution File, Format Version 12.00
# Visual Studio Version 17
VisualStudioVersion = 17.4.33110.190
MinimumVisualStudioVersion = 10.0.40219.1
Project("{9A19103F-16F7-4668-BE54-9A1E7A4F7556}") = "BlazorHm1", "BlazorHm1\BlazorHm1.csproj", "{58E2824E-020E-4414-B7A8-D72F6357BE87}"
EndProject
Global
	GlobalSection(SolutionConfigurationPlatforms) = preSolution
		Debug|Any CPU = Debug|Any CPU
		Release|Any CPU = Release|Any CPU
	EndGlobalSection
	GlobalSection(ProjectConfigurationPlatforms) = postSolution
		{58E2824E-020E-4414-B7A8-D72F6357BE87}.Debug|Any CPU.ActiveCfg = Debug|Any CPU
		{58E2824E-020E-4414-B7A8-D72F6357BE87}.Debug|Any CPU.Build.0 = Debug|Any CPU
		{58E2824E-020E-4414-B7A8-D72F6357BE87}.Release|Any CPU.ActiveCfg = Release|Any CPU
		{58E2824E-020E-4414-B7A8-D72F6357BE87}.Release|Any CPU.Build.0 = Release|Any CPU
	EndGlobalSection
	GlobalSection(SolutionProperties) = preSolution
		HideSolutionNode = FALSE
	EndGlobalSection
	GlobalSection(ExtensibilityGlobals) = postSolution
		SolutionGuid = {C034FBD0-6218-4E6C-997D-2AF4C3F15E09}
	EndGlobalSection
EndGlobal
